PODS:
  - CTMediator (46)
  - KVOController (1.2.0)
  - MGJRouter (0.10.0)

DEPENDENCIES:
  - CTMediator
  - KVOController
  - MGJRouter

SPEC REPOS:
  https://github.com/CocoaPods/Specs.git:
    - CTMediator
    - KVOController
    - MGJRouter

SPEC CHECKSUMS:
  CTMediator: f1cf58d509fb3192086c367711f039efd769b907
  KVOController: d72ace34afea42468329623b3379ab3cd1d286b6
  MGJRouter: 15d94541eb2cc81eff7d577337288feb7ae9575f

PODFILE CHECKSUM: 2765af23fe82140b7fae86dd5a77f21655246d8e

COCOAPODS: 1.10.2
